// !$*UTF8*$!
{
	archiveVersion = 1;
	classes = {
	};
	objectVersion = 77;
	objects = {

/* Begin PBXBuildFile section */
		4F0754CFA7D154608F5FC448 /* Pods_AniCueTests.framework in Frameworks */ = {isa = PBXBuildFile; fileRef = 6A8BB2AD2962EF9FF71336E3 /* Pods_AniCueTests.framework */; };
		C15D61B22E1D7C7F002D884B /* RealmSwift in Frameworks */ = {isa = PBXBuildFile; productRef = C15D61B12E1D7C7F002D884B /* RealmSwift */; };
		C184EE5D2E1EFAB4009B8B49 /* Pods_AniCue.framework in Frameworks */ = {isa = PBXBuildFile; fileRef = CBC07187CF4936D52FEA019D /* Pods_AniCue.framework */; };
		C184EE5E2E1EFAB4009B8B49 /* Pods_AniCue.framework in Embed Frameworks */ = {isa = PBXBuildFile; fileRef = CBC07187CF4936D52FEA019D /* Pods_AniCue.framework */; settings = {ATTRIBUTES = (CodeSignOnCopy, RemoveHeadersOnCopy, ); }; };
		C184EE602E1EFABC009B8B49 /* RealmSwift in Embed Frameworks */ = {isa = PBXBuildFile; productRef = C15D61B12E1D7C7F002D884B /* RealmSwift */; settings = {ATTRIBUTES = (CodeSignOnCopy, ); }; };
		C184F05B2E25F64D009B8B49 /* RealmSwift in Frameworks */ = {isa = PBXBuildFile; productRef = C184F05A2E25F64D009B8B49 /* RealmSwift */; };
		CD98117B8A8A1BAA2C7D1985 /* Pods_AniCue_AniCueUITests.framework in Frameworks */ = {isa = PBXBuildFile; fileRef = BC6DFBBACDED6F61E74BDA59 /* Pods_AniCue_AniCueUITests.framework */; };
/* End PBXBuildFile section */

/* Begin PBXContainerItemProxy section */
		C123CD0E2DFE2DB800B27340 /* PBXContainerItemProxy */ = {
			isa = PBXContainerItemProxy;
			containerPortal = C123CCF52DFE2DB700B27340 /* Project object */;
			proxyType = 1;
			remoteGlobalIDString = C123CCFC2DFE2DB700B27340;
			remoteInfo = AniCue;
		};
		C123CD182DFE2DB900B27340 /* PBXContainerItemProxy */ = {
			isa = PBXContainerItemProxy;
			containerPortal = C123CCF52DFE2DB700B27340 /* Project object */;
			proxyType = 1;
			remoteGlobalIDString = C123CCFC2DFE2DB700B27340;
			remoteInfo = AniCue;
		};
/* End PBXContainerItemProxy section */

/* Begin PBXCopyFilesBuildPhase section */
		C184EE5F2E1EFAB4009B8B49 /* Embed Frameworks */ = {
			isa = PBXCopyFilesBuildPhase;
			buildActionMask = 2147483647;
			dstPath = "";
			dstSubfolderSpec = 10;
			files = (
				C184EE602E1EFABC009B8B49 /* RealmSwift in Embed Frameworks */,
				C184EE5E2E1EFAB4009B8B49 /* Pods_AniCue.framework in Embed Frameworks */,
			);
			name = "Embed Frameworks";
			runOnlyForDeploymentPostprocessing = 0;
		};
/* End PBXCopyFilesBuildPhase section */

/* Begin PBXFileReference section */
		2E9D25423FC6433E9F4E90A7 /* Pods-AniCueTests.debug.xcconfig */ = {isa = PBXFileReference; includeInIndex = 1; lastKnownFileType = text.xcconfig; name = "Pods-AniCueTests.debug.xcconfig"; path = "Target Support Files/Pods-AniCueTests/Pods-AniCueTests.debug.xcconfig"; sourceTree = "<group>"; };
		53C1F0DA77DCCD7F23AAD45E /* Pods-AniCue.release.xcconfig */ = {isa = PBXFileReference; includeInIndex = 1; lastKnownFileType = text.xcconfig; name = "Pods-AniCue.release.xcconfig"; path = "Target Support Files/Pods-AniCue/Pods-AniCue.release.xcconfig"; sourceTree = "<group>"; };
		65F8D83FADEDAC92DDB365D2 /* Pods-AniCue.debug.xcconfig */ = {isa = PBXFileReference; includeInIndex = 1; lastKnownFileType = text.xcconfig; name = "Pods-AniCue.debug.xcconfig"; path = "Target Support Files/Pods-AniCue/Pods-AniCue.debug.xcconfig"; sourceTree = "<group>"; };
		6A8BB2AD2962EF9FF71336E3 /* Pods_AniCueTests.framework */ = {isa = PBXFileReference; explicitFileType = wrapper.framework; includeInIndex = 0; path = Pods_AniCueTests.framework; sourceTree = BUILT_PRODUCTS_DIR; };
		A704E838B9BAA2227D608DC1 /* Pods-AniCueTests.release.xcconfig */ = {isa = PBXFileReference; includeInIndex = 1; lastKnownFileType = text.xcconfig; name = "Pods-AniCueTests.release.xcconfig"; path = "Target Support Files/Pods-AniCueTests/Pods-AniCueTests.release.xcconfig"; sourceTree = "<group>"; };
		BC6986ADA9C6AB48753E78C8 /* Pods-AniCue-AniCueUITests.debug.xcconfig */ = {isa = PBXFileReference; includeInIndex = 1; lastKnownFileType = text.xcconfig; name = "Pods-AniCue-AniCueUITests.debug.xcconfig"; path = "Target Support Files/Pods-AniCue-AniCueUITests/Pods-AniCue-AniCueUITests.debug.xcconfig"; sourceTree = "<group>"; };
		BC6DFBBACDED6F61E74BDA59 /* Pods_AniCue_AniCueUITests.framework */ = {isa = PBXFileReference; explicitFileType = wrapper.framework; includeInIndex = 0; path = Pods_AniCue_AniCueUITests.framework; sourceTree = BUILT_PRODUCTS_DIR; };
		C123CCFD2DFE2DB700B27340 /* AniCue.app */ = {isa = PBXFileReference; explicitFileType = wrapper.application; includeInIndex = 0; path = AniCue.app; sourceTree = BUILT_PRODUCTS_DIR; };
		C123CD0D2DFE2DB800B27340 /* AniCueTests.xctest */ = {isa = PBXFileReference; explicitFileType = wrapper.cfbundle; includeInIndex = 0; path = AniCueTests.xctest; sourceTree = BUILT_PRODUCTS_DIR; };
		C123CD172DFE2DB900B27340 /* AniCueUITests.xctest */ = {isa = PBXFileReference; explicitFileType = wrapper.cfbundle; includeInIndex = 0; path = AniCueUITests.xctest; sourceTree = BUILT_PRODUCTS_DIR; };
		CBC07187CF4936D52FEA019D /* Pods_AniCue.framework */ = {isa = PBXFileReference; explicitFileType = wrapper.framework; includeInIndex = 0; path = Pods_AniCue.framework; sourceTree = BUILT_PRODUCTS_DIR; };
		E4F24023E55B624D1D204F13 /* Pods-AniCue-AniCueUITests.release.xcconfig */ = {isa = PBXFileReference; includeInIndex = 1; lastKnownFileType = text.xcconfig; name = "Pods-AniCue-AniCueUITests.release.xcconfig"; path = "Target Support Files/Pods-AniCue-AniCueUITests/Pods-AniCue-AniCueUITests.release.xcconfig"; sourceTree = "<group>"; };
/* End PBXFileReference section */

/* Begin PBXFileSystemSynchronizedBuildFileExceptionSet section */
		C123CDF52DFF1CF500B27340 /* Exceptions for "AniCue" folder in "AniCue" target */ = {
			isa = PBXFileSystemSynchronizedBuildFileExceptionSet;
			membershipExceptions = (
				AniCueApp.swift,
				Assets.xcassets,
				Models/GeminiResponse.swift,
				Models/JikanAnime.swift,
				Models/MenuItem.swift,
				Models/OpenAIResponse.swift,
				Models/RealmAnime.swift,
				Models/UserPreferences.swift,
				"Preview Content/Preview Assets.xcassets",
				README.md,
				Resources/Constants.swift,
				Resources/Database/DownloadedAnimesFileNames.swift,
				Resources/Database/PreloadedAnimes.realm,
				Resources/Database/RealmDatabaseGenerator.swift,
				Resources/SuggestedPrompt.swift,
				Resources/UserDefaultKeys.swift,
				Services/JikanService.swift,
				Services/OpenAIService.swift,
				Services/ServiceProtocols.swift,
				ViewModels/AnimeListManager.swift,
				ViewModels/DiscoverViewModel.swift,
				ViewModels/MatchViewModel.swift,
				ViewModels/UserPreferencesViewModel.swift,
				Views/Anime/AnimeDetailView.swift,
				Views/Anime/AnimeListView.swift,
				Views/Anime/AnimeRowView.swift,
				Views/Discover/ChatInputBarView.swift,
				Views/Discover/DiscoverView.swift,
				Views/Discover/UserPromptView.swift,
				Views/Games/Match/MatchCardView.swift,
				Views/Games/Match/MatchMenuView.swift,
				Views/Games/Match/MatchView.swift,
				Views/Games/MenuCardView.swift,
				Views/LaunchScreenView.swift,
				Views/Profile/ProfileBackgroundChangerView.swift,
				Views/Profile/ProfileHeaderView.swift,
				Views/Profile/ProfileNavigationLink.swift,
				Views/Profile/ProfileView.swift,
				Views/Profile/UserPreferences/MinimumScoreSliderView.swift,
				Views/Profile/UserPreferences/PreferenceQuestionView.swift,
				Views/Profile/UserPreferences/UserPreferenceView.swift,
				Views/Profile/WatchedAnimeView.swift,
				Views/ReusableViews/CustomAlert.swift,
				Views/ReusableViews/ErrorBanner.swift,
				Views/ReusableViews/ImageLoader.swift,
				Views/ReusableViews/UpaniAnimation.swift,
				Views/Tab/CustomTabBarView.swift,
				Views/Tab/TabBarView.swift,
				Views/WatchlistView.swift,
			);
			target = C123CCFC2DFE2DB700B27340 /* AniCue */;
		};
		C123CDF62DFF1CF500B27340 /* Exceptions for "AniCue" folder in "AniCueTests" target */ = {
			isa = PBXFileSystemSynchronizedBuildFileExceptionSet;
			membershipExceptions = (
				AniCueApp.swift,
				Assets.xcassets,
				Info.plist,
				Models/GeminiResponse.swift,
				Models/JikanAnime.swift,
				Models/MenuItem.swift,
				Models/OpenAIResponse.swift,
				Models/RealmAnime.swift,
				Models/UserPreferences.swift,
				"Preview Content/Preview Assets.xcassets",
				README.md,
				Resources/Constants.swift,
				Resources/Database/DownloadedAnimesFileNames.swift,
				Resources/Database/PreloadedAnimes.realm,
				Resources/Database/RealmDatabaseGenerator.swift,
				Resources/SuggestedPrompt.swift,
				Resources/UserDefaultKeys.swift,
				Services/JikanService.swift,
				Services/OpenAIService.swift,
				Services/ServiceProtocols.swift,
				ViewModels/AnimeListManager.swift,
				ViewModels/DiscoverViewModel.swift,
				ViewModels/MatchViewModel.swift,
				ViewModels/UserPreferencesViewModel.swift,
				Views/Anime/AnimeDetailView.swift,
				Views/Anime/AnimeListView.swift,
				Views/Anime/AnimeRowView.swift,
				Views/Discover/ChatInputBarView.swift,
				Views/Discover/DiscoverView.swift,
				Views/Discover/UserPromptView.swift,
				Views/Games/Match/MatchCardView.swift,
				Views/Games/Match/MatchMenuView.swift,
				Views/Games/Match/MatchView.swift,
				Views/Games/MenuCardView.swift,
				Views/LaunchScreenView.swift,
				Views/Profile/ProfileBackgroundChangerView.swift,
				Views/Profile/ProfileHeaderView.swift,
				Views/Profile/ProfileNavigationLink.swift,
				Views/Profile/ProfileView.swift,
				Views/Profile/UserPreferences/MinimumScoreSliderView.swift,
				Views/Profile/UserPreferences/PreferenceQuestionView.swift,
				Views/Profile/UserPreferences/UserPreferenceView.swift,
				Views/Profile/WatchedAnimeView.swift,
				Views/ReusableViews/CustomAlert.swift,
				Views/ReusableViews/ErrorBanner.swift,
				Views/ReusableViews/ImageLoader.swift,
				Views/ReusableViews/UpaniAnimation.swift,
				Views/Tab/CustomTabBarView.swift,
				Views/Tab/TabBarView.swift,
				Views/WatchlistView.swift,
			);
			target = C123CD0C2DFE2DB800B27340 /* AniCueTests */;
		};
/* End PBXFileSystemSynchronizedBuildFileExceptionSet section */

/* Begin PBXFileSystemSynchronizedRootGroup section */
		C123CD102DFE2DB800B27340 /* AniCueTests */ = {
			isa = PBXFileSystemSynchronizedRootGroup;
			path = AniCueTests;
			sourceTree = "<group>";
		};
		C123CD1A2DFE2DB900B27340 /* AniCueUITests */ = {
			isa = PBXFileSystemSynchronizedRootGroup;
			path = AniCueUITests;
			sourceTree = "<group>";
		};
		C123CDEA2DFF1CF500B27340 /* AniCue */ = {
			isa = PBXFileSystemSynchronizedRootGroup;
			exceptions = (
				C123CDF52DFF1CF500B27340 /* Exceptions for "AniCue" folder in "AniCue" target */,
				C123CDF62DFF1CF500B27340 /* Exceptions for "AniCue" folder in "AniCueTests" target */,
			);
			path = AniCue;
			sourceTree = "<group>";
		};
/* End PBXFileSystemSynchronizedRootGroup section */

/* Begin PBXFrameworksBuildPhase section */
		C123CCFA2DFE2DB700B27340 /* Frameworks */ = {
			isa = PBXFrameworksBuildPhase;
			buildActionMask = 2147483647;
			files = (
				C184F05B2E25F64D009B8B49 /* RealmSwift in Frameworks */,
				C15D61B22E1D7C7F002D884B /* RealmSwift in Frameworks */,
				C184EE5D2E1EFAB4009B8B49 /* Pods_AniCue.framework in Frameworks */,
			);
			runOnlyForDeploymentPostprocessing = 0;
		};
		C123CD0A2DFE2DB800B27340 /* Frameworks */ = {
			isa = PBXFrameworksBuildPhase;
			buildActionMask = 2147483647;
			files = (
				4F0754CFA7D154608F5FC448 /* Pods_AniCueTests.framework in Frameworks */,
			);
			runOnlyForDeploymentPostprocessing = 0;
		};
		C123CD142DFE2DB900B27340 /* Frameworks */ = {
			isa = PBXFrameworksBuildPhase;
			buildActionMask = 2147483647;
			files = (
				CD98117B8A8A1BAA2C7D1985 /* Pods_AniCue_AniCueUITests.framework in Frameworks */,
			);
			runOnlyForDeploymentPostprocessing = 0;
		};
/* End PBXFrameworksBuildPhase section */

/* Begin PBXGroup section */
		2C23C2F2BC41F1753E9CEFEB /* Frameworks */ = {
			isa = PBXGroup;
			children = (
				CBC07187CF4936D52FEA019D /* Pods_AniCue.framework */,
				BC6DFBBACDED6F61E74BDA59 /* Pods_AniCue_AniCueUITests.framework */,
				6A8BB2AD2962EF9FF71336E3 /* Pods_AniCueTests.framework */,
			);
			name = Frameworks;
			sourceTree = "<group>";
		};
		828F108D6F1F2FD956EAA505 /* Pods */ = {
			isa = PBXGroup;
			children = (
				65F8D83FADEDAC92DDB365D2 /* Pods-AniCue.debug.xcconfig */,
				53C1F0DA77DCCD7F23AAD45E /* Pods-AniCue.release.xcconfig */,
				BC6986ADA9C6AB48753E78C8 /* Pods-AniCue-AniCueUITests.debug.xcconfig */,
				E4F24023E55B624D1D204F13 /* Pods-AniCue-AniCueUITests.release.xcconfig */,
				2E9D25423FC6433E9F4E90A7 /* Pods-AniCueTests.debug.xcconfig */,
				A704E838B9BAA2227D608DC1 /* Pods-AniCueTests.release.xcconfig */,
			);
			path = Pods;
			sourceTree = "<group>";
		};
		C123CCF42DFE2DB700B27340 = {
			isa = PBXGroup;
			children = (
				C123CDEA2DFF1CF500B27340 /* AniCue */,
				C123CD102DFE2DB800B27340 /* AniCueTests */,
				C123CD1A2DFE2DB900B27340 /* AniCueUITests */,
				C123CCFE2DFE2DB700B27340 /* Products */,
				828F108D6F1F2FD956EAA505 /* Pods */,
				2C23C2F2BC41F1753E9CEFEB /* Frameworks */,
			);
			sourceTree = "<group>";
		};
		C123CCFE2DFE2DB700B27340 /* Products */ = {
			isa = PBXGroup;
			children = (
				C123CCFD2DFE2DB700B27340 /* AniCue.app */,
				C123CD0D2DFE2DB800B27340 /* AniCueTests.xctest */,
				C123CD172DFE2DB900B27340 /* AniCueUITests.xctest */,
			);
			name = Products;
			sourceTree = "<group>";
		};
/* End PBXGroup section */

/* Begin PBXNativeTarget section */
		C123CCFC2DFE2DB700B27340 /* AniCue */ = {
			isa = PBXNativeTarget;
			buildConfigurationList = C123CD212DFE2DB900B27340 /* Build configuration list for PBXNativeTarget "AniCue" */;
			buildPhases = (
				00AEF9DF6903DBF8A88633A0 /* [CP] Check Pods Manifest.lock */,
				C123CCF92DFE2DB700B27340 /* Sources */,
				C123CCFA2DFE2DB700B27340 /* Frameworks */,
				C123CCFB2DFE2DB700B27340 /* Resources */,
				C123CD482DFE2F7800B27340 /* Swiftlint */,
				C184EE5F2E1EFAB4009B8B49 /* Embed Frameworks */,
			);
			buildRules = (
			);
			dependencies = (
			);
			name = AniCue;
			productName = AniCue;
			productReference = C123CCFD2DFE2DB700B27340 /* AniCue.app */;
			productType = "com.apple.product-type.application";
		};
		C123CD0C2DFE2DB800B27340 /* AniCueTests */ = {
			isa = PBXNativeTarget;
			buildConfigurationList = C123CD242DFE2DB900B27340 /* Build configuration list for PBXNativeTarget "AniCueTests" */;
			buildPhases = (
				F3B74859B8F5A45C92B68D07 /* [CP] Check Pods Manifest.lock */,
				C123CD092DFE2DB800B27340 /* Sources */,
				C123CD0A2DFE2DB800B27340 /* Frameworks */,
				C123CD0B2DFE2DB800B27340 /* Resources */,
			);
			buildRules = (
			);
			dependencies = (
				C123CD0F2DFE2DB800B27340 /* PBXTargetDependency */,
			);
			fileSystemSynchronizedGroups = (
				C123CD102DFE2DB800B27340 /* AniCueTests */,
				C123CDEA2DFF1CF500B27340 /* AniCue */,
			);
			name = AniCueTests;
			productName = AniCueTests;
			productReference = C123CD0D2DFE2DB800B27340 /* AniCueTests.xctest */;
			productType = "com.apple.product-type.bundle.unit-test";
		};
		C123CD162DFE2DB900B27340 /* AniCueUITests */ = {
			isa = PBXNativeTarget;
			buildConfigurationList = C123CD272DFE2DB900B27340 /* Build configuration list for PBXNativeTarget "AniCueUITests" */;
			buildPhases = (
				9981894A3CE848EBE00D083D /* [CP] Check Pods Manifest.lock */,
				C123CD132DFE2DB900B27340 /* Sources */,
				C123CD142DFE2DB900B27340 /* Frameworks */,
				C123CD152DFE2DB900B27340 /* Resources */,
			);
			buildRules = (
			);
			dependencies = (
				C123CD192DFE2DB900B27340 /* PBXTargetDependency */,
			);
			fileSystemSynchronizedGroups = (
				C123CD1A2DFE2DB900B27340 /* AniCueUITests */,
			);
			name = AniCueUITests;
			productName = AniCueUITests;
			productReference = C123CD172DFE2DB900B27340 /* AniCueUITests.xctest */;
			productType = "com.apple.product-type.bundle.ui-testing";
		};
/* End PBXNativeTarget section */

/* Begin PBXProject section */
		C123CCF52DFE2DB700B27340 /* Project object */ = {
			isa = PBXProject;
			attributes = {
				BuildIndependentTargetsInParallel = 1;
				LastSwiftUpdateCheck = 1620;
				LastUpgradeCheck = 1620;
				TargetAttributes = {
					C123CCFC2DFE2DB700B27340 = {
						CreatedOnToolsVersion = 16.2;
					};
					C123CD0C2DFE2DB800B27340 = {
						CreatedOnToolsVersion = 16.2;
						TestTargetID = C123CCFC2DFE2DB700B27340;
					};
					C123CD162DFE2DB900B27340 = {
						CreatedOnToolsVersion = 16.2;
						TestTargetID = C123CCFC2DFE2DB700B27340;
					};
				};
			};
			buildConfigurationList = C123CCF82DFE2DB700B27340 /* Build configuration list for PBXProject "AniCue" */;
			developmentRegion = en;
			hasScannedForEncodings = 0;
			knownRegions = (
				en,
				Base,
			);
			mainGroup = C123CCF42DFE2DB700B27340;
			minimizedProjectReferenceProxies = 1;
			packageReferences = (
				C15D5FEF2E1A23FB002D884B /* XCRemoteSwiftPackageReference "firebase-ios-sdk" */,
				C15D61AE2E1D7C7F002D884B /* XCRemoteSwiftPackageReference "realm-swift" */,
			);
			preferredProjectObjectVersion = 77;
			productRefGroup = C123CCFE2DFE2DB700B27340 /* Products */;
			projectDirPath = "";
			projectRoot = "";
			targets = (
				C123CCFC2DFE2DB700B27340 /* AniCue */,
				C123CD0C2DFE2DB800B27340 /* AniCueTests */,
				C123CD162DFE2DB900B27340 /* AniCueUITests */,
			);
		};
/* End PBXProject section */

/* Begin PBXResourcesBuildPhase section */
		C123CCFB2DFE2DB700B27340 /* Resources */ = {
			isa = PBXResourcesBuildPhase;
			buildActionMask = 2147483647;
			files = (
			);
			runOnlyForDeploymentPostprocessing = 0;
		};
		C123CD0B2DFE2DB800B27340 /* Resources */ = {
			isa = PBXResourcesBuildPhase;
			buildActionMask = 2147483647;
			files = (
			);
			runOnlyForDeploymentPostprocessing = 0;
		};
		C123CD152DFE2DB900B27340 /* Resources */ = {
			isa = PBXResourcesBuildPhase;
			buildActionMask = 2147483647;
			files = (
			);
			runOnlyForDeploymentPostprocessing = 0;
		};
/* End PBXResourcesBuildPhase section */

/* Begin PBXShellScriptBuildPhase section */
		00AEF9DF6903DBF8A88633A0 /* [CP] Check Pods Manifest.lock */ = {
			isa = PBXShellScriptBuildPhase;
			buildActionMask = 2147483647;
			files = (
			);
			inputFileListPaths = (
			);
			inputPaths = (
				"${PODS_PODFILE_DIR_PATH}/Podfile.lock",
				"${PODS_ROOT}/Manifest.lock",
			);
			name = "[CP] Check Pods Manifest.lock";
			outputFileListPaths = (
			);
			outputPaths = (
				"$(DERIVED_FILE_DIR)/Pods-AniCue-checkManifestLockResult.txt",
			);
			runOnlyForDeploymentPostprocessing = 0;
			shellPath = /bin/sh;
			shellScript = "diff \"${PODS_PODFILE_DIR_PATH}/Podfile.lock\" \"${PODS_ROOT}/Manifest.lock\" > /dev/null\nif [ $? != 0 ] ; then\n    # print error to STDERR\n    echo \"error: The sandbox is not in sync with the Podfile.lock. Run 'pod install' or update your CocoaPods installation.\" >&2\n    exit 1\nfi\n# This output is used by Xcode 'outputs' to avoid re-running this script phase.\necho \"SUCCESS\" > \"${SCRIPT_OUTPUT_FILE_0}\"\n";
			showEnvVarsInLog = 0;
		};
		9981894A3CE848EBE00D083D /* [CP] Check Pods Manifest.lock */ = {
			isa = PBXShellScriptBuildPhase;
			buildActionMask = 2147483647;
			files = (
			);
			inputFileListPaths = (
			);
			inputPaths = (
				"${PODS_PODFILE_DIR_PATH}/Podfile.lock",
				"${PODS_ROOT}/Manifest.lock",
			);
			name = "[CP] Check Pods Manifest.lock";
			outputFileListPaths = (
			);
			outputPaths = (
				"$(DERIVED_FILE_DIR)/Pods-AniCue-AniCueUITests-checkManifestLockResult.txt",
			);
			runOnlyForDeploymentPostprocessing = 0;
			shellPath = /bin/sh;
			shellScript = "diff \"${PODS_PODFILE_DIR_PATH}/Podfile.lock\" \"${PODS_ROOT}/Manifest.lock\" > /dev/null\nif [ $? != 0 ] ; then\n    # print error to STDERR\n    echo \"error: The sandbox is not in sync with the Podfile.lock. Run 'pod install' or update your CocoaPods installation.\" >&2\n    exit 1\nfi\n# This output is used by Xcode 'outputs' to avoid re-running this script phase.\necho \"SUCCESS\" > \"${SCRIPT_OUTPUT_FILE_0}\"\n";
			showEnvVarsInLog = 0;
		};
		C123CD482DFE2F7800B27340 /* Swiftlint */ = {
			isa = PBXShellScriptBuildPhase;
			alwaysOutOfDate = 1;
			buildActionMask = 2147483647;
			files = (
			);
			inputFileListPaths = (
			);
			inputPaths = (
			);
			name = Swiftlint;
			outputFileListPaths = (
			);
			outputPaths = (
			);
			runOnlyForDeploymentPostprocessing = 0;
			shellPath = /bin/sh;
			shellScript = "\"${PODS_ROOT}/SwiftLint/swiftlint\"\n";
		};
		F3B74859B8F5A45C92B68D07 /* [CP] Check Pods Manifest.lock */ = {
			isa = PBXShellScriptBuildPhase;
			buildActionMask = 2147483647;
			files = (
			);
			inputFileListPaths = (
			);
			inputPaths = (
				"${PODS_PODFILE_DIR_PATH}/Podfile.lock",
				"${PODS_ROOT}/Manifest.lock",
			);
			name = "[CP] Check Pods Manifest.lock";
			outputFileListPaths = (
			);
			outputPaths = (
				"$(DERIVED_FILE_DIR)/Pods-AniCueTests-checkManifestLockResult.txt",
			);
			runOnlyForDeploymentPostprocessing = 0;
			shellPath = /bin/sh;
			shellScript = "diff \"${PODS_PODFILE_DIR_PATH}/Podfile.lock\" \"${PODS_ROOT}/Manifest.lock\" > /dev/null\nif [ $? != 0 ] ; then\n    # print error to STDERR\n    echo \"error: The sandbox is not in sync with the Podfile.lock. Run 'pod install' or update your CocoaPods installation.\" >&2\n    exit 1\nfi\n# This output is used by Xcode 'outputs' to avoid re-running this script phase.\necho \"SUCCESS\" > \"${SCRIPT_OUTPUT_FILE_0}\"\n";
			showEnvVarsInLog = 0;
		};
/* End PBXShellScriptBuildPhase section */

/* Begin PBXSourcesBuildPhase section */
		C123CCF92DFE2DB700B27340 /* Sources */ = {
			isa = PBXSourcesBuildPhase;
			buildActionMask = 2147483647;
			files = (
			);
			runOnlyForDeploymentPostprocessing = 0;
		};
		C123CD092DFE2DB800B27340 /* Sources */ = {
			isa = PBXSourcesBuildPhase;
			buildActionMask = 2147483647;
			files = (
			);
			runOnlyForDeploymentPostprocessing = 0;
		};
		C123CD132DFE2DB900B27340 /* Sources */ = {
			isa = PBXSourcesBuildPhase;
			buildActionMask = 2147483647;
			files = (
			);
			runOnlyForDeploymentPostprocessing = 0;
		};
/* End PBXSourcesBuildPhase section */

/* Begin PBXTargetDependency section */
		C123CD0F2DFE2DB800B27340 /* PBXTargetDependency */ = {
			isa = PBXTargetDependency;
			target = C123CCFC2DFE2DB700B27340 /* AniCue */;
			targetProxy = C123CD0E2DFE2DB800B27340 /* PBXContainerItemProxy */;
		};
		C123CD192DFE2DB900B27340 /* PBXTargetDependency */ = {
			isa = PBXTargetDependency;
			target = C123CCFC2DFE2DB700B27340 /* AniCue */;
			targetProxy = C123CD182DFE2DB900B27340 /* PBXContainerItemProxy */;
		};
/* End PBXTargetDependency section */

/* Begin XCBuildConfiguration section */
		C123CD1F2DFE2DB900B27340 /* Debug */ = {
			isa = XCBuildConfiguration;
			buildSettings = {
				ALWAYS_SEARCH_USER_PATHS = NO;
				ASSETCATALOG_COMPILER_GENERATE_SWIFT_ASSET_SYMBOL_EXTENSIONS = YES;
				CLANG_ANALYZER_NONNULL = YES;
				CLANG_ANALYZER_NUMBER_OBJECT_CONVERSION = YES_AGGRESSIVE;
				CLANG_CXX_LANGUAGE_STANDARD = "gnu++20";
				CLANG_ENABLE_MODULES = YES;
				CLANG_ENABLE_OBJC_ARC = YES;
				CLANG_ENABLE_OBJC_WEAK = YES;
				CLANG_WARN_BLOCK_CAPTURE_AUTORELEASING = YES;
				CLANG_WARN_BOOL_CONVERSION = YES;
				CLANG_WARN_COMMA = YES;
				CLANG_WARN_CONSTANT_CONVERSION = YES;
				CLANG_WARN_DEPRECATED_OBJC_IMPLEMENTATIONS = YES;
				CLANG_WARN_DIRECT_OBJC_ISA_USAGE = YES_ERROR;
				CLANG_WARN_DOCUMENTATION_COMMENTS = YES;
				CLANG_WARN_EMPTY_BODY = YES;
				CLANG_WARN_ENUM_CONVERSION = YES;
				CLANG_WARN_INFINITE_RECURSION = YES;
				CLANG_WARN_INT_CONVERSION = YES;
				CLANG_WARN_NON_LITERAL_NULL_CONVERSION = YES;
				CLANG_WARN_OBJC_IMPLICIT_RETAIN_SELF = YES;
				CLANG_WARN_OBJC_LITERAL_CONVERSION = YES;
				CLANG_WARN_OBJC_ROOT_CLASS = YES_ERROR;
				CLANG_WARN_QUOTED_INCLUDE_IN_FRAMEWORK_HEADER = YES;
				CLANG_WARN_RANGE_LOOP_ANALYSIS = YES;
				CLANG_WARN_STRICT_PROTOTYPES = YES;
				CLANG_WARN_SUSPICIOUS_MOVE = YES;
				CLANG_WARN_UNGUARDED_AVAILABILITY = YES_AGGRESSIVE;
				CLANG_WARN_UNREACHABLE_CODE = YES;
				CLANG_WARN__DUPLICATE_METHOD_MATCH = YES;
				COPY_PHASE_STRIP = NO;
				DEBUG_INFORMATION_FORMAT = dwarf;
				ENABLE_STRICT_OBJC_MSGSEND = YES;
				ENABLE_TESTABILITY = YES;
				ENABLE_USER_SCRIPT_SANDBOXING = YES;
				GCC_C_LANGUAGE_STANDARD = gnu17;
				GCC_DYNAMIC_NO_PIC = NO;
				GCC_NO_COMMON_BLOCKS = YES;
				GCC_OPTIMIZATION_LEVEL = 0;
				GCC_PREPROCESSOR_DEFINITIONS = (
					"DEBUG=1",
					"$(inherited)",
				);
				GCC_WARN_64_TO_32_BIT_CONVERSION = YES;
				GCC_WARN_ABOUT_RETURN_TYPE = YES_ERROR;
				GCC_WARN_UNDECLARED_SELECTOR = YES;
				GCC_WARN_UNINITIALIZED_AUTOS = YES_AGGRESSIVE;
				GCC_WARN_UNUSED_FUNCTION = YES;
				GCC_WARN_UNUSED_VARIABLE = YES;
				IPHONEOS_DEPLOYMENT_TARGET = 18.2;
				LOCALIZATION_PREFERS_STRING_CATALOGS = YES;
				MTL_ENABLE_DEBUG_INFO = INCLUDE_SOURCE;
				MTL_FAST_MATH = YES;
				ONLY_ACTIVE_ARCH = YES;
				SDKROOT = iphoneos;
				SWIFT_ACTIVE_COMPILATION_CONDITIONS = "DEBUG $(inherited)";
				SWIFT_OPTIMIZATION_LEVEL = "-Onone";
			};
			name = Debug;
		};
		C123CD202DFE2DB900B27340 /* Release */ = {
			isa = XCBuildConfiguration;
			buildSettings = {
				ALWAYS_SEARCH_USER_PATHS = NO;
				ASSETCATALOG_COMPILER_GENERATE_SWIFT_ASSET_SYMBOL_EXTENSIONS = YES;
				CLANG_ANALYZER_NONNULL = YES;
				CLANG_ANALYZER_NUMBER_OBJECT_CONVERSION = YES_AGGRESSIVE;
				CLANG_CXX_LANGUAGE_STANDARD = "gnu++20";
				CLANG_ENABLE_MODULES = YES;
				CLANG_ENABLE_OBJC_ARC = YES;
				CLANG_ENABLE_OBJC_WEAK = YES;
				CLANG_WARN_BLOCK_CAPTURE_AUTORELEASING = YES;
				CLANG_WARN_BOOL_CONVERSION = YES;
				CLANG_WARN_COMMA = YES;
				CLANG_WARN_CONSTANT_CONVERSION = YES;
				CLANG_WARN_DEPRECATED_OBJC_IMPLEMENTATIONS = YES;
				CLANG_WARN_DIRECT_OBJC_ISA_USAGE = YES_ERROR;
				CLANG_WARN_DOCUMENTATION_COMMENTS = YES;
				CLANG_WARN_EMPTY_BODY = YES;
				CLANG_WARN_ENUM_CONVERSION = YES;
				CLANG_WARN_INFINITE_RECURSION = YES;
				CLANG_WARN_INT_CONVERSION = YES;
				CLANG_WARN_NON_LITERAL_NULL_CONVERSION = YES;
				CLANG_WARN_OBJC_IMPLICIT_RETAIN_SELF = YES;
				CLANG_WARN_OBJC_LITERAL_CONVERSION = YES;
				CLANG_WARN_OBJC_ROOT_CLASS = YES_ERROR;
				CLANG_WARN_QUOTED_INCLUDE_IN_FRAMEWORK_HEADER = YES;
				CLANG_WARN_RANGE_LOOP_ANALYSIS = YES;
				CLANG_WARN_STRICT_PROTOTYPES = YES;
				CLANG_WARN_SUSPICIOUS_MOVE = YES;
				CLANG_WARN_UNGUARDED_AVAILABILITY = YES_AGGRESSIVE;
				CLANG_WARN_UNREACHABLE_CODE = YES;
				CLANG_WARN__DUPLICATE_METHOD_MATCH = YES;
				COPY_PHASE_STRIP = NO;
				DEBUG_INFORMATION_FORMAT = "dwarf-with-dsym";
				ENABLE_NS_ASSERTIONS = NO;
				ENABLE_STRICT_OBJC_MSGSEND = YES;
				ENABLE_USER_SCRIPT_SANDBOXING = YES;
				GCC_C_LANGUAGE_STANDARD = gnu17;
				GCC_NO_COMMON_BLOCKS = YES;
				GCC_WARN_64_TO_32_BIT_CONVERSION = YES;
				GCC_WARN_ABOUT_RETURN_TYPE = YES_ERROR;
				GCC_WARN_UNDECLARED_SELECTOR = YES;
				GCC_WARN_UNINITIALIZED_AUTOS = YES_AGGRESSIVE;
				GCC_WARN_UNUSED_FUNCTION = YES;
				GCC_WARN_UNUSED_VARIABLE = YES;
				IPHONEOS_DEPLOYMENT_TARGET = 18.2;
				LOCALIZATION_PREFERS_STRING_CATALOGS = YES;
				MTL_ENABLE_DEBUG_INFO = NO;
				MTL_FAST_MATH = YES;
				SDKROOT = iphoneos;
				SWIFT_COMPILATION_MODE = wholemodule;
				VALIDATE_PRODUCT = YES;
			};
			name = Release;
		};
		C123CD222DFE2DB900B27340 /* Debug */ = {
			isa = XCBuildConfiguration;
			baseConfigurationReference = 65F8D83FADEDAC92DDB365D2 /* Pods-AniCue.debug.xcconfig */;
			buildSettings = {
				ASSETCATALOG_COMPILER_APPICON_NAME = AppIcon;
				ASSETCATALOG_COMPILER_GLOBAL_ACCENT_COLOR_NAME = AccentColor;
				CODE_SIGN_STYLE = Automatic;
				CURRENT_PROJECT_VERSION = 1;
				DEVELOPMENT_ASSET_PATHS = "\"AniCue/Preview Content\"";
				DEVELOPMENT_TEAM = 823685848T;
				ENABLE_PREVIEWS = YES;
				ENABLE_USER_SCRIPT_SANDBOXING = NO;
				GENERATE_INFOPLIST_FILE = YES;
				INFOPLIST_FILE = AniCue/Info.plist;
				INFOPLIST_KEY_UIApplicationSceneManifest_Generation = YES;
				INFOPLIST_KEY_UIApplicationSupportsIndirectInputEvents = YES;
				INFOPLIST_KEY_UILaunchScreen_Generation = YES;
				INFOPLIST_KEY_UIStatusBarStyle = "";
				INFOPLIST_KEY_UISupportedInterfaceOrientations = UIInterfaceOrientationPortrait;
				IPHONEOS_DEPLOYMENT_TARGET = 17.6;
				LD_RUNPATH_SEARCH_PATHS = (
					"$(inherited)",
					"@executable_path/Frameworks",
				);
				MARKETING_VERSION = 1.0;
				PRODUCT_BUNDLE_IDENTIFIER = jorge.AniCue;
				PRODUCT_NAME = "$(TARGET_NAME)";
				SWIFT_EMIT_LOC_STRINGS = YES;
				SWIFT_VERSION = 5.0;
				TARGETED_DEVICE_FAMILY = "1,2";
			};
			name = Debug;
		};
		C123CD232DFE2DB900B27340 /* Release */ = {
			isa = XCBuildConfiguration;
			baseConfigurationReference = 53C1F0DA77DCCD7F23AAD45E /* Pods-AniCue.release.xcconfig */;
			buildSettings = {
				ASSETCATALOG_COMPILER_APPICON_NAME = AppIcon;
				ASSETCATALOG_COMPILER_GLOBAL_ACCENT_COLOR_NAME = AccentColor;
				CODE_SIGN_STYLE = Automatic;
				CURRENT_PROJECT_VERSION = 1;
				DEVELOPMENT_ASSET_PATHS = "\"AniCue/Preview Content\"";
				DEVELOPMENT_TEAM = 823685848T;
				ENABLE_PREVIEWS = YES;
				ENABLE_USER_SCRIPT_SANDBOXING = NO;
				GENERATE_INFOPLIST_FILE = YES;
				INFOPLIST_FILE = AniCue/Info.plist;
				INFOPLIST_KEY_UIApplicationSceneManifest_Generation = YES;
				INFOPLIST_KEY_UIApplicationSupportsIndirectInputEvents = YES;
				INFOPLIST_KEY_UILaunchScreen_Generation = YES;
				INFOPLIST_KEY_UIStatusBarStyle = "";
				INFOPLIST_KEY_UISupportedInterfaceOrientations = UIInterfaceOrientationPortrait;
				IPHONEOS_DEPLOYMENT_TARGET = 17.6;
				LD_RUNPATH_SEARCH_PATHS = (
					"$(inherited)",
					"@executable_path/Frameworks",
				);
				MARKETING_VERSION = 1.0;
				PRODUCT_BUNDLE_IDENTIFIER = jorge.AniCue;
				PRODUCT_NAME = "$(TARGET_NAME)";
				SWIFT_EMIT_LOC_STRINGS = YES;
				SWIFT_VERSION = 5.0;
				TARGETED_DEVICE_FAMILY = "1,2";
			};
			name = Release;
		};
		C123CD252DFE2DB900B27340 /* Debug */ = {
			isa = XCBuildConfiguration;
			baseConfigurationReference = 2E9D25423FC6433E9F4E90A7 /* Pods-AniCueTests.debug.xcconfig */;
			buildSettings = {
				BUNDLE_LOADER = "$(TEST_HOST)";
				CODE_SIGN_STYLE = Automatic;
				CURRENT_PROJECT_VERSION = 1;
				DEVELOPMENT_TEAM = 823685848T;
				GENERATE_INFOPLIST_FILE = YES;
				IPHONEOS_DEPLOYMENT_TARGET = 18.2;
				MARKETING_VERSION = 1.0;
				PRODUCT_BUNDLE_IDENTIFIER = jorge.AniCueTests;
				PRODUCT_NAME = "$(TARGET_NAME)";
				SWIFT_EMIT_LOC_STRINGS = NO;
				SWIFT_VERSION = 5.0;
				TARGETED_DEVICE_FAMILY = "1,2";
				TEST_HOST = "$(BUILT_PRODUCTS_DIR)/AniCue.app/$(BUNDLE_EXECUTABLE_FOLDER_PATH)/AniCue";
			};
			name = Debug;
		};
		C123CD262DFE2DB900B27340 /* Release */ = {
			isa = XCBuildConfiguration;
			baseConfigurationReference = A704E838B9BAA2227D608DC1 /* Pods-AniCueTests.release.xcconfig */;
			buildSettings = {
				BUNDLE_LOADER = "$(TEST_HOST)";
				CODE_SIGN_STYLE = Automatic;
				CURRENT_PROJECT_VERSION = 1;
				DEVELOPMENT_TEAM = 823685848T;
				GENERATE_INFOPLIST_FILE = YES;
				IPHONEOS_DEPLOYMENT_TARGET = 18.2;
				MARKETING_VERSION = 1.0;
				PRODUCT_BUNDLE_IDENTIFIER = jorge.AniCueTests;
				PRODUCT_NAME = "$(TARGET_NAME)";
				SWIFT_EMIT_LOC_STRINGS = NO;
				SWIFT_VERSION = 5.0;
				TARGETED_DEVICE_FAMILY = "1,2";
				TEST_HOST = "$(BUILT_PRODUCTS_DIR)/AniCue.app/$(BUNDLE_EXECUTABLE_FOLDER_PATH)/AniCue";
			};
			name = Release;
		};
		C123CD282DFE2DB900B27340 /* Debug */ = {
			isa = XCBuildConfiguration;
			baseConfigurationReference = BC6986ADA9C6AB48753E78C8 /* Pods-AniCue-AniCueUITests.debug.xcconfig */;
			buildSettings = {
				CODE_SIGN_STYLE = Automatic;
				CURRENT_PROJECT_VERSION = 1;
				DEVELOPMENT_TEAM = 823685848T;
				GENERATE_INFOPLIST_FILE = YES;
				MARKETING_VERSION = 1.0;
				PRODUCT_BUNDLE_IDENTIFIER = jorge.AniCueUITests;
				PRODUCT_NAME = "$(TARGET_NAME)";
				SWIFT_EMIT_LOC_STRINGS = NO;
				SWIFT_VERSION = 5.0;
				TARGETED_DEVICE_FAMILY = "1,2";
				TEST_TARGET_NAME = AniCue;
			};
			name = Debug;
		};
		C123CD292DFE2DB900B27340 /* Release */ = {
			isa = XCBuildConfiguration;
			baseConfigurationReference = E4F24023E55B624D1D204F13 /* Pods-AniCue-AniCueUITests.release.xcconfig */;
			buildSettings = {
				CODE_SIGN_STYLE = Automatic;
				CURRENT_PROJECT_VERSION = 1;
				DEVELOPMENT_TEAM = 823685848T;
				GENERATE_INFOPLIST_FILE = YES;
				MARKETING_VERSION = 1.0;
				PRODUCT_BUNDLE_IDENTIFIER = jorge.AniCueUITests;
				PRODUCT_NAME = "$(TARGET_NAME)";
				SWIFT_EMIT_LOC_STRINGS = NO;
				SWIFT_VERSION = 5.0;
				TARGETED_DEVICE_FAMILY = "1,2";
				TEST_TARGET_NAME = AniCue;
			};
			name = Release;
		};
/* End XCBuildConfiguration section */

/* Begin XCConfigurationList section */
		C123CCF82DFE2DB700B27340 /* Build configuration list for PBXProject "AniCue" */ = {
			isa = XCConfigurationList;
			buildConfigurations = (
				C123CD1F2DFE2DB900B27340 /* Debug */,
				C123CD202DFE2DB900B27340 /* Release */,
			);
			defaultConfigurationIsVisible = 0;
			defaultConfigurationName = Release;
		};
		C123CD212DFE2DB900B27340 /* Build configuration list for PBXNativeTarget "AniCue" */ = {
			isa = XCConfigurationList;
			buildConfigurations = (
				C123CD222DFE2DB900B27340 /* Debug */,
				C123CD232DFE2DB900B27340 /* Release */,
			);
			defaultConfigurationIsVisible = 0;
			defaultConfigurationName = Release;
		};
		C123CD242DFE2DB900B27340 /* Build configuration list for PBXNativeTarget "AniCueTests" */ = {
			isa = XCConfigurationList;
			buildConfigurations = (
				C123CD252DFE2DB900B27340 /* Debug */,
				C123CD262DFE2DB900B27340 /* Release */,
			);
			defaultConfigurationIsVisible = 0;
			defaultConfigurationName = Release;
		};
		C123CD272DFE2DB900B27340 /* Build configuration list for PBXNativeTarget "AniCueUITests" */ = {
			isa = XCConfigurationList;
			buildConfigurations = (
				C123CD282DFE2DB900B27340 /* Debug */,
				C123CD292DFE2DB900B27340 /* Release */,
			);
			defaultConfigurationIsVisible = 0;
			defaultConfigurationName = Release;
		};
/* End XCConfigurationList section */

/* Begin XCRemoteSwiftPackageReference section */
		C15D5FEF2E1A23FB002D884B /* XCRemoteSwiftPackageReference "firebase-ios-sdk" */ = {
			isa = XCRemoteSwiftPackageReference;
			repositoryURL = "https://github.com/firebase/firebase-ios-sdk";
			requirement = {
				kind = upToNextMajorVersion;
				minimumVersion = 11.15.0;
			};
		};
		C15D61AE2E1D7C7F002D884B /* XCRemoteSwiftPackageReference "realm-swift" */ = {
			isa = XCRemoteSwiftPackageReference;
			repositoryURL = "https://github.com/realm/realm-swift";
			requirement = {
				branch = master;
				kind = branch;
			};
		};
/* End XCRemoteSwiftPackageReference section */

/* Begin XCSwiftPackageProductDependency section */
		C15D61B12E1D7C7F002D884B /* RealmSwift */ = {
			isa = XCSwiftPackageProductDependency;
			package = C15D61AE2E1D7C7F002D884B /* XCRemoteSwiftPackageReference "realm-swift" */;
			productName = RealmSwift;
		};
		C184F05A2E25F64D009B8B49 /* RealmSwift */ = {
			isa = XCSwiftPackageProductDependency;
			package = C15D61AE2E1D7C7F002D884B /* XCRemoteSwiftPackageReference "realm-swift" */;
			productName = RealmSwift;
		};
/* End XCSwiftPackageProductDependency section */
	};
	rootObject = C123CCF52DFE2DB700B27340 /* Project object */;
}
